
Microsoft Visual Studio Solution File, Format Version 12.00
# Visual Studio Version 16
VisualStudioVersion = 16.0.31112.23
MinimumVisualStudioVersion = 10.0.40219.1
Project("{FAE04EC0-301F-11D3-BF4B-00C04F79EFBC}") = "Shop.UI", "Shop.UI\Shop.UI.csproj", "{BEC2963C-6CC4-48BA-A285-69852413CEEC}"
EndProject
Project("{FAE04EC0-301F-11D3-BF4B-00C04F79EFBC}") = "Shop.Domain", "Shop.Domain\Shop.Domain.csproj", "{7A6BAD6F-7BE5-47DE-84FC-3556EB9C7535}"
EndProject
Project("{FAE04EC0-301F-11D3-BF4B-00C04F79EFBC}") = "Shop.Application", "Shop.Application\Shop.Application.csproj", "{1989B3EF-63EB-4E80-92DE-8409470B41A2}"
EndProject
Project("{FAE04EC0-301F-11D3-BF4B-00C04F79EFBC}") = "Shop.Database", "Shop.Database\Shop.Database.csproj", "{DAE58366-338C-4305-8F7E-212D5703AD71}"
EndProject
Global
	GlobalSection(SolutionConfigurationPlatforms) = preSolution
		Debug|Any CPU = Debug|Any CPU
		Release|Any CPU = Release|Any CPU
	EndGlobalSection
	GlobalSection(ProjectConfigurationPlatforms) = postSolution
		{BEC2963C-6CC4-48BA-A285-69852413CEEC}.Debug|Any CPU.ActiveCfg = Debug|Any CPU
		{BEC2963C-6CC4-48BA-A285-69852413CEEC}.Debug|Any CPU.Build.0 = Debug|Any CPU
		{BEC2963C-6CC4-48BA-A285-69852413CEEC}.Release|Any CPU.ActiveCfg = Release|Any CPU
		{BEC2963C-6CC4-48BA-A285-69852413CEEC}.Release|Any CPU.Build.0 = Release|Any CPU
		{7A6BAD6F-7BE5-47DE-84FC-3556EB9C7535}.Debug|Any CPU.ActiveCfg = Debug|Any CPU
		{7A6BAD6F-7BE5-47DE-84FC-3556EB9C7535}.Debug|Any CPU.Build.0 = Debug|Any CPU
		{7A6BAD6F-7BE5-47DE-84FC-3556EB9C7535}.Release|Any CPU.ActiveCfg = Release|Any CPU
		{7A6BAD6F-7BE5-47DE-84FC-3556EB9C7535}.Release|Any CPU.Build.0 = Release|Any CPU
		{1989B3EF-63EB-4E80-92DE-8409470B41A2}.Debug|Any CPU.ActiveCfg = Debug|Any CPU
		{1989B3EF-63EB-4E80-92DE-8409470B41A2}.Debug|Any CPU.Build.0 = Debug|Any CPU
		{1989B3EF-63EB-4E80-92DE-8409470B41A2}.Release|Any CPU.ActiveCfg = Release|Any CPU
		{1989B3EF-63EB-4E80-92DE-8409470B41A2}.Release|Any CPU.Build.0 = Release|Any CPU
		{DAE58366-338C-4305-8F7E-212D5703AD71}.Debug|Any CPU.ActiveCfg = Debug|Any CPU
		{DAE58366-338C-4305-8F7E-212D5703AD71}.Debug|Any CPU.Build.0 = Debug|Any CPU
		{DAE58366-338C-4305-8F7E-212D5703AD71}.Release|Any CPU.ActiveCfg = Release|Any CPU
		{DAE58366-338C-4305-8F7E-212D5703AD71}.Release|Any CPU.Build.0 = Release|Any CPU
	EndGlobalSection
	GlobalSection(SolutionProperties) = preSolution
		HideSolutionNode = FALSE
	EndGlobalSection
	GlobalSection(ExtensibilityGlobals) = postSolution
		SolutionGuid = {D0DACED5-BE22-4756-A51B-3B007C01DE79}
	EndGlobalSection
EndGlobal
