
Microsoft Visual Studio Solution File, Format Version 12.00
# Visual Studio Version 16
VisualStudioVersion = 16.0.31112.23
MinimumVisualStudioVersion = 10.0.40219.1
Project("{FAE04EC0-301F-11D3-BF4B-00C04F79EFBC}") = "Shop.UI", "Shop.UI\Shop.UI.csproj", "{9E7FAE2D-4C61-4BD1-8825-54698ED2D390}"
EndProject
Project("{FAE04EC0-301F-11D3-BF4B-00C04F79EFBC}") = "Shop.Domain", "Shop.Domain\Shop.Domain.csproj", "{68E8BCE0-7F07-4A06-BA2A-3DED3509A130}"
EndProject
Project("{FAE04EC0-301F-11D3-BF4B-00C04F79EFBC}") = "Shop.Application", "Shop.Application\Shop.Application.csproj", "{53F90958-D80D-4CAD-85A1-17701CF33229}"
EndProject
Project("{FAE04EC0-301F-11D3-BF4B-00C04F79EFBC}") = "Shop.Database", "Shop.Database\Shop.Database.csproj", "{33DDF4E6-67FD-47F7-ACA6-3BF57F951ECE}"
EndProject
Global
	GlobalSection(SolutionConfigurationPlatforms) = preSolution
		Debug|Any CPU = Debug|Any CPU
		Release|Any CPU = Release|Any CPU
	EndGlobalSection
	GlobalSection(ProjectConfigurationPlatforms) = postSolution
		{9E7FAE2D-4C61-4BD1-8825-54698ED2D390}.Debug|Any CPU.ActiveCfg = Debug|Any CPU
		{9E7FAE2D-4C61-4BD1-8825-54698ED2D390}.Debug|Any CPU.Build.0 = Debug|Any CPU
		{9E7FAE2D-4C61-4BD1-8825-54698ED2D390}.Release|Any CPU.ActiveCfg = Release|Any CPU
		{9E7FAE2D-4C61-4BD1-8825-54698ED2D390}.Release|Any CPU.Build.0 = Release|Any CPU
		{68E8BCE0-7F07-4A06-BA2A-3DED3509A130}.Debug|Any CPU.ActiveCfg = Debug|Any CPU
		{68E8BCE0-7F07-4A06-BA2A-3DED3509A130}.Debug|Any CPU.Build.0 = Debug|Any CPU
		{68E8BCE0-7F07-4A06-BA2A-3DED3509A130}.Release|Any CPU.ActiveCfg = Release|Any CPU
		{68E8BCE0-7F07-4A06-BA2A-3DED3509A130}.Release|Any CPU.Build.0 = Release|Any CPU
		{53F90958-D80D-4CAD-85A1-17701CF33229}.Debug|Any CPU.ActiveCfg = Debug|Any CPU
		{53F90958-D80D-4CAD-85A1-17701CF33229}.Debug|Any CPU.Build.0 = Debug|Any CPU
		{53F90958-D80D-4CAD-85A1-17701CF33229}.Release|Any CPU.ActiveCfg = Release|Any CPU
		{53F90958-D80D-4CAD-85A1-17701CF33229}.Release|Any CPU.Build.0 = Release|Any CPU
		{33DDF4E6-67FD-47F7-ACA6-3BF57F951ECE}.Debug|Any CPU.ActiveCfg = Debug|Any CPU
		{33DDF4E6-67FD-47F7-ACA6-3BF57F951ECE}.Debug|Any CPU.Build.0 = Debug|Any CPU
		{33DDF4E6-67FD-47F7-ACA6-3BF57F951ECE}.Release|Any CPU.ActiveCfg = Release|Any CPU
		{33DDF4E6-67FD-47F7-ACA6-3BF57F951ECE}.Release|Any CPU.Build.0 = Release|Any CPU
	EndGlobalSection
	GlobalSection(SolutionProperties) = preSolution
		HideSolutionNode = FALSE
	EndGlobalSection
	GlobalSection(ExtensibilityGlobals) = postSolution
		SolutionGuid = {F4D8C57C-CA7F-4714-968E-83AE238ACEE3}
	EndGlobalSection
EndGlobal
